<?xml version="1.0" encoding="utf-8"?>
<Project ToolsVersion="4.0" xmlns="http://schemas.microsoft.com/developer/msbuild/2003">
  <ItemGroup>
    <Filter Include="Source Files">
      <UniqueIdentifier>{4FC737F1-C7A5-4376-A066-2A32D752A2FF}</UniqueIdentifier>
      <Extensions>cpp;c;cc;cxx;def;odl;idl;hpj;bat;asm;asmx</Extensions>
    </Filter>
    <Filter Include="Header Files">
      <UniqueIdentifier>{93995380-89BD-4b04-88EB-625FBE52EBFB}</UniqueIdentifier>
      <Extensions>h;hh;hpp;hxx;hm;inl;inc;xsd</Extensions>
    </Filter>
  </ItemGroup>
  <ItemGroup>
    <ClInclude Include="stdafx.h" />
    <ClInclude Include="Atomic_Windows.h">
      <Filter>Source Files</Filter>
    </ClInclude>
    <ClInclude Include="Debug_Null.h">
      <Filter>Source Files</Filter>
    </ClInclude>
    <ClInclude Include="Debug_Windows.h">
      <Filter>Source Files</Filter>
    </ClInclude>
    <ClInclude Include="Exception_Null.h">
      <Filter>Source Files</Filter>
    </ClInclude>
    <ClInclude Include="Exception_Windows.h">
      <Filter>Source Files</Filter>
    </ClInclude>
    <ClInclude Include="Input_Null.h">
      <Filter>Source Files</Filter>
    </ClInclude>
    <ClInclude Include="Input_Windows.h">
      <Filter>Source Files</Filter>
    </ClInclude>
    <ClInclude Include="Platform.h">
      <Filter>Source Files</Filter>
    </ClInclude>
    <ClInclude Include="Process_Windows.h">
      <Filter>Source Files</Filter>
    </ClInclude>
    <ClInclude Include="..\..\..\Inc\Nemesis\Core\All.h">
      <Filter>Header Files</Filter>
    </ClInclude>
    <ClInclude Include="..\..\..\Inc\Nemesis\Core\Alloc.h">
      <Filter>Header Files</Filter>
    </ClInclude>
    <ClInclude Include="..\..\..\Inc\Nemesis\Core\AllocTypes.h">
      <Filter>Header Files</Filter>
    </ClInclude>
    <ClInclude Include="..\..\..\Inc\Nemesis\Core\Array.h">
      <Filter>Header Files</Filter>
    </ClInclude>
    <ClInclude Include="..\..\..\Inc\Nemesis\Core\ArrayTypes.h">
      <Filter>Header Files</Filter>
    </ClInclude>
    <ClInclude Include="..\..\..\Inc\Nemesis\Core\Assert.h">
      <Filter>Header Files</Filter>
    </ClInclude>
    <ClInclude Include="..\..\..\Inc\Nemesis\Core\AssertTypes.h">
      <Filter>Header Files</Filter>
    </ClInclude>
    <ClInclude Include="..\..\..\Inc\Nemesis\Core\Atomic.h">
      <Filter>Header Files</Filter>
    </ClInclude>
    <ClInclude Include="..\..\..\Inc\Nemesis\Core\AtomicTypes.h">
      <Filter>Header Files</Filter>
    </ClInclude>
    <ClInclude Include="..\..\..\Inc\Nemesis\Core\Core.h">
      <Filter>Header Files</Filter>
    </ClInclude>
    <ClInclude Include="..\..\..\Inc\Nemesis\Core\Debug.h">
      <Filter>Header Files</Filter>
    </ClInclude>
    <ClInclude Include="..\..\..\Inc\Nemesis\Core\DebugTypes.h">
      <Filter>Header Files</Filter>
    </ClInclude>
    <ClInclude Include="..\..\..\Inc\Nemesis\Core\Exception.h">
      <Filter>Header Files</Filter>
    </ClInclude>
    <ClInclude Include="..\..\..\Inc\Nemesis\Core\Input.h">
      <Filter>Header Files</Filter>
    </ClInclude>
    <ClInclude Include="..\..\..\Inc\Nemesis\Core\InputTypes.h">
      <Filter>Header Files</Filter>
    </ClInclude>
    <ClInclude Include="..\..\..\Inc\Nemesis\Core\Logging.h">
      <Filter>Header Files</Filter>
    </ClInclude>
    <ClInclude Include="..\..\..\Inc\Nemesis\Core\LoggingTypes.h">
      <Filter>Header Files</Filter>
    </ClInclude>
    <ClInclude Include="..\..\..\Inc\Nemesis\Core\Map.h">
      <Filter>Header Files</Filter>
    </ClInclude>
    <ClInclude Include="..\..\..\Inc\Nemesis\Core\Math.h">
      <Filter>Header Files</Filter>
    </ClInclude>
    <ClInclude Include="..\..\..\Inc\Nemesis\Core\MathTypes.h">
      <Filter>Header Files</Filter>
    </ClInclude>
    <ClInclude Include="..\..\..\Inc\Nemesis\Core\Memory.h">
      <Filter>Header Files</Filter>
    </ClInclude>
    <ClInclude Include="..\..\..\Inc\Nemesis\Core\Process.h">
      <Filter>Header Files</Filter>
    </ClInclude>
    <ClInclude Include="..\..\..\Inc\Nemesis\Core\ProcessTypes.h">
      <Filter>Header Files</Filter>
    </ClInclude>
    <ClInclude Include="..\..\..\Inc\Nemesis\Core\Stack.h">
      <Filter>Header Files</Filter>
    </ClInclude>
    <ClInclude Include="..\..\..\Inc\Nemesis\Core\String.h">
      <Filter>Header Files</Filter>
    </ClInclude>
    <ClInclude Include="..\..\..\Inc\Nemesis\Core\Target.h">
      <Filter>Header Files</Filter>
    </ClInclude>
    <ClInclude Include="..\..\..\Inc\Nemesis\Core\Types.h">
      <Filter>Header Files</Filter>
    </ClInclude>
    <ClInclude Include="..\..\..\Inc\Nemesis\Core\Json.h">
      <Filter>Header Files</Filter>
    </ClInclude>
    <ClInclude Include="..\..\..\Inc\Nemesis\Core\New.h">
      <Filter>Header Files</Filter>
    </ClInclude>
    <ClInclude Include="..\..\..\Inc\Nemesis\Core\Table.h">
      <Filter>Header Files</Filter>
    </ClInclude>
    <ClInclude Include="..\..\..\Inc\Nemesis\Core\BitSet.h">
      <Filter>Header Files</Filter>
    </ClInclude>
    <ClInclude Include="..\..\..\Inc\Nemesis\Core\HashTable.h">
      <Filter>Header Files</Filter>
    </ClInclude>
    <ClInclude Include="..\..\..\Inc\Nemesis\Core\Socket.h">
      <Filter>Header Files</Filter>
    </ClInclude>
    <ClInclude Include="..\..\..\Inc\Nemesis\Core\SocketTypes.h">
      <Filter>Header Files</Filter>
    </ClInclude>
    <ClInclude Include="Socket_Ansi.h">
      <Filter>Source Files</Filter>
    </ClInclude>
    <ClInclude Include="Socket_Windows.h">
      <Filter>Source Files</Filter>
    </ClInclude>
    <ClInclude Include="..\..\..\Inc\Nemesis\Core\JsonDoc.h">
      <Filter>Header Files</Filter>
    </ClInclude>
    <ClInclude Include="..\..\..\Inc\Nemesis\Core\FreeList.h">
      <Filter>Header Files</Filter>
    </ClInclude>
    <ClInclude Include="..\..\..\Inc\Nemesis\Core\VMem.h">
      <Filter>Header Files</Filter>
    </ClInclude>
    <ClInclude Include="VMem_Null.h">
      <Filter>Source Files</Filter>
    </ClInclude>
    <ClInclude Include="VMem_Windows.h">
      <Filter>Source Files</Filter>
    </ClInclude>
    <ClInclude Include="..\..\..\Inc\Nemesis\Core\Allocator.h">
      <Filter>Header Files</Filter>
    </ClInclude>
    <ClInclude Include="..\..\..\Inc\Nemesis\Core\Sort.h">
      <Filter>Header Files</Filter>
    </ClInclude>
    <ClInclude Include="Sort_Windows.h">
      <Filter>Source Files</Filter>
    </ClInclude>
    <ClInclude Include="..\..\..\Inc\Nemesis\Core\StrBuf.h">
      <Filter>Header Files</Filter>
    </ClInclude>
    <ClInclude Include="..\..\..\Inc\Nemesis\Core\JsonOut.h">
      <Filter>Header Files</Filter>
    </ClInclude>
    <ClInclude Include="..\..\..\Inc\Nemesis\Core\JsonNode.h">
      <Filter>Header Files</Filter>
    </ClInclude>
    <ClInclude Include="..\..\..\Inc\Nemesis\Core\NameSet.h">
      <Filter>Header Files</Filter>
    </ClInclude>
    <ClInclude Include="..\..\..\Inc\Nemesis\Core\File.h">
      <Filter>Header Files</Filter>
    </ClInclude>
    <ClInclude Include="..\..\..\Inc\Nemesis\Core\FileTypes.h">
      <Filter>Header Files</Filter>
    </ClInclude>
    <ClInclude Include="File_Windows.h">
      <Filter>Source Files</Filter>
    </ClInclude>
    <ClInclude Include="..\..\..\Inc\Nemesis\Core\Sse2.h">
      <Filter>Header Files</Filter>
    </ClInclude>
    <ClInclude Include="..\..\..\Inc\Nemesis\Core\Sse2Types.h">
      <Filter>Header Files</Filter>
    </ClInclude>
  </ItemGroup>
  <ItemGroup>
    <ClCompile Include="stdafx.cpp" />
    <ClCompile Include="Alloc.cpp">
      <Filter>Source Files</Filter>
    </ClCompile>
    <ClCompile Include="Assert.cpp">
      <Filter>Source Files</Filter>
    </ClCompile>
    <ClCompile Include="Atomic.cpp">
      <Filter>Source Files</Filter>
    </ClCompile>
    <ClCompile Include="Core.cpp">
      <Filter>Source Files</Filter>
    </ClCompile>
    <ClCompile Include="Debug.cpp">
      <Filter>Source Files</Filter>
    </ClCompile>
    <ClCompile Include="Exception.cpp">
      <Filter>Source Files</Filter>
    </ClCompile>
    <ClCompile Include="Input.cpp">
      <Filter>Source Files</Filter>
    </ClCompile>
    <ClCompile Include="Logging.cpp">
      <Filter>Source Files</Filter>
    </ClCompile>
    <ClCompile Include="Math.cpp">
      <Filter>Source Files</Filter>
    </ClCompile>
    <ClCompile Include="Memory.cpp">
      <Filter>Source Files</Filter>
    </ClCompile>
    <ClCompile Include="Process.cpp">
      <Filter>Source Files</Filter>
    </ClCompile>
    <ClCompile Include="String.cpp">
      <Filter>Source Files</Filter>
    </ClCompile>
    <ClCompile Include="Json.cpp">
      <Filter>Source Files</Filter>
    </ClCompile>
    <ClCompile Include="Socket.cpp">
      <Filter>Source Files</Filter>
    </ClCompile>
    <ClCompile Include="JsonDoc.cpp">
      <Filter>Source Files</Filter>
    </ClCompile>
    <ClCompile Include="Table.cpp">
      <Filter>Source Files</Filter>
    </ClCompile>
    <ClCompile Include="VMem.cpp">
      <Filter>Source Files</Filter>
    </ClCompile>
    <ClCompile Include="Allocator.cpp">
      <Filter>Source Files</Filter>
    </ClCompile>
    <ClCompile Include="Sort.cpp">
      <Filter>Source Files</Filter>
    </ClCompile>
    <ClCompile Include="StrBuf.cpp">
      <Filter>Source Files</Filter>
    </ClCompile>
    <ClCompile Include="JsonOut.cpp">
      <Filter>Source Files</Filter>
    </ClCompile>
    <ClCompile Include="JsonNode.cpp">
      <Filter>Source Files</Filter>
    </ClCompile>
    <ClCompile Include="NameSet.cpp">
      <Filter>Source Files</Filter>
    </ClCompile>
    <ClCompile Include="File.cpp">
      <Filter>Source Files</Filter>
    </ClCompile>
  </ItemGroup>
  <ItemGroup>
    <None Include="..\..\..\Inc\Nemesis\Core\Math.inl">
      <Filter>Header Files</Filter>
    </None>
    <None Include="..\..\..\Inc\Nemesis\Core\Sse2.inl">
      <Filter>Header Files</Filter>
    </None>
  </ItemGroup>
</Project>