<?xml version="1.0" encoding="utf-8"?>
<Project ToolsVersion="4.0" xmlns="http://schemas.microsoft.com/developer/msbuild/2003">
  <ItemGroup>
    <Filter Include="Source Files">
      <UniqueIdentifier>{4FC737F1-C7A5-4376-A066-2A32D752A2FF}</UniqueIdentifier>
      <Extensions>cpp;c;cc;cxx;def;odl;idl;hpj;bat;asm;asmx</Extensions>
    </Filter>
    <Filter Include="Header Files">
      <UniqueIdentifier>{93995380-89BD-4b04-88EB-625FBE52EBFB}</UniqueIdentifier>
      <Extensions>h;hpp;hxx;hm;inl;inc;xsd</Extensions>
    </Filter>
    <Filter Include="Shader Files">
      <UniqueIdentifier>{decb07ee-3c58-432c-9899-8107b7662c19}</UniqueIdentifier>
      <Extensions>hlsl;fx</Extensions>
    </Filter>
    <Filter Include="Source Files\Private">
      <UniqueIdentifier>{ee04be7e-7f26-4416-8a3d-9605a583092d}</UniqueIdentifier>
    </Filter>
  </ItemGroup>
  <ItemGroup>
    <ClInclude Include="stdafx.h" />
    <ClInclude Include="..\..\..\Inc\Nemesis\Gfx\Gfx_d3d11.h">
      <Filter>Header Files</Filter>
    </ClInclude>
    <ClInclude Include="..\..\..\Inc\Nemesis\Gfx\Gfx.h">
      <Filter>Header Files</Filter>
    </ClInclude>
    <ClInclude Include="Private\Types_d3d11.h">
      <Filter>Source Files\Private</Filter>
    </ClInclude>
    <ClInclude Include="Private\Toolkit_d3d11.h">
      <Filter>Source Files\Private</Filter>
    </ClInclude>
    <ClInclude Include="hlsl\hlsl_phong.h">
      <Filter>Shader Files</Filter>
    </ClInclude>
    <ClInclude Include="hlsl\hlsl_post.h">
      <Filter>Shader Files</Filter>
    </ClInclude>
    <ClInclude Include="..\..\..\Inc\Nemesis\Gfx\Gui_d3d11.h">
      <Filter>Header Files</Filter>
    </ClInclude>
    <ClInclude Include="..\..\..\Inc\Nemesis\Gfx\Driver.h">
      <Filter>Header Files</Filter>
    </ClInclude>
    <ClInclude Include="..\..\..\Inc\Nemesis\Gfx\DriverTypes.h">
      <Filter>Header Files</Filter>
    </ClInclude>
    <ClInclude Include="..\..\..\Inc\Nemesis\Gfx\Driver_d3d11.h">
      <Filter>Header Files</Filter>
    </ClInclude>
  </ItemGroup>
  <ItemGroup>
    <ClCompile Include="stdafx.cpp" />
    <ClCompile Include="Gfx_d3d11.cpp">
      <Filter>Source Files</Filter>
    </ClCompile>
    <ClCompile Include="Private\Types_d3d11.cpp">
      <Filter>Source Files\Private</Filter>
    </ClCompile>
    <ClCompile Include="Private\Toolkit_d3d11.cpp">
      <Filter>Source Files\Private</Filter>
    </ClCompile>
    <ClCompile Include="Gui_d3d11.cpp">
      <Filter>Source Files</Filter>
    </ClCompile>
  </ItemGroup>
  <ItemGroup>
    <FxCompile Include="hlsl\ps_2d.hlsl">
      <Filter>Shader Files</Filter>
    </FxCompile>
    <FxCompile Include="hlsl\ps_3d.hlsl">
      <Filter>Shader Files</Filter>
    </FxCompile>
    <FxCompile Include="hlsl\vs_2d.hlsl">
      <Filter>Shader Files</Filter>
    </FxCompile>
    <FxCompile Include="hlsl\vs_3d.hlsl">
      <Filter>Shader Files</Filter>
    </FxCompile>
    <FxCompile Include="hlsl\vs_3d_skinned.hlsl">
      <Filter>Shader Files</Filter>
    </FxCompile>
    <FxCompile Include="hlsl\ps_3d_phong.hlsl">
      <Filter>Shader Files</Filter>
    </FxCompile>
    <FxCompile Include="hlsl\vs_3d_lines.hlsl">
      <Filter>Shader Files</Filter>
    </FxCompile>
    <FxCompile Include="hlsl\vs_3d_phong.hlsl">
      <Filter>Shader Files</Filter>
    </FxCompile>
  </ItemGroup>
</Project>