
Microsoft Visual Studio Solution File, Format Version 12.00
# Visual Studio Version 17
VisualStudioVersion = 17.4.33213.308
MinimumVisualStudioVersion = 10.0.40219.1
Project("{8BC9CEB8-8B4A-11D0-8D11-00A0C91BC942}") = "libNeCore", "..\Src\Nemesis\Core\libNeCore.vcxproj", "{1C4B55BF-A562-4460-A9D6-3D801E8D9B09}"
EndProject
Project("{8BC9CEB8-8B4A-11D0-8D11-00A0C91BC942}") = "libNeFont", "..\Src\Nemesis\Font\libNeFont.vcxproj", "{1621988A-38A8-477F-BAE3-612307B85482}"
EndProject
Project("{8BC9CEB8-8B4A-11D0-8D11-00A0C91BC942}") = "libNeGui", "..\Src\Nemesis\Gui\libNeGui.vcxproj", "{ED622B7B-DCEE-45D5-88B6-BDA50F1DF984}"
EndProject
Project("{8BC9CEB8-8B4A-11D0-8D11-00A0C91BC942}") = "appProViz", "..\Src\App\appProViz\appProViz.vcxproj", "{02DFF0FB-365F-42DC-85CB-60F7C90A6666}"
	ProjectSection(ProjectDependencies) = postProject
		{11D5BF3C-DC00-466B-ACBB-DF78F000E613} = {11D5BF3C-DC00-466B-ACBB-DF78F000E613}
		{1621988A-38A8-477F-BAE3-612307B85482} = {1621988A-38A8-477F-BAE3-612307B85482}
		{1C4B55BF-A562-4460-A9D6-3D801E8D9B09} = {1C4B55BF-A562-4460-A9D6-3D801E8D9B09}
		{81581BD5-43B4-44D8-ABE9-DF5DD6D56CD7} = {81581BD5-43B4-44D8-ABE9-DF5DD6D56CD7}
		{B73783ED-48C4-4F71-9764-88FA4BEA3344} = {B73783ED-48C4-4F71-9764-88FA4BEA3344}
		{ED622B7B-DCEE-45D5-88B6-BDA50F1DF984} = {ED622B7B-DCEE-45D5-88B6-BDA50F1DF984}
	EndProjectSection
EndProject
Project("{8BC9CEB8-8B4A-11D0-8D11-00A0C91BC942}") = "appGuiDemo", "..\Src\App\appGuiDemo\appGuiDemo.vcxproj", "{D3F20958-267A-4238-AE0E-48D2DC9A321D}"
	ProjectSection(ProjectDependencies) = postProject
		{11D5BF3C-DC00-466B-ACBB-DF78F000E613} = {11D5BF3C-DC00-466B-ACBB-DF78F000E613}
		{1621988A-38A8-477F-BAE3-612307B85482} = {1621988A-38A8-477F-BAE3-612307B85482}
		{1C4B55BF-A562-4460-A9D6-3D801E8D9B09} = {1C4B55BF-A562-4460-A9D6-3D801E8D9B09}
		{81581BD5-43B4-44D8-ABE9-DF5DD6D56CD7} = {81581BD5-43B4-44D8-ABE9-DF5DD6D56CD7}
		{B73783ED-48C4-4F71-9764-88FA4BEA3344} = {B73783ED-48C4-4F71-9764-88FA4BEA3344}
		{ED622B7B-DCEE-45D5-88B6-BDA50F1DF984} = {ED622B7B-DCEE-45D5-88B6-BDA50F1DF984}
	EndProjectSection
EndProject
Project("{8BC9CEB8-8B4A-11D0-8D11-00A0C91BC942}") = "libNeGfx_d3d11", "..\Src\Nemesis\Gfx_d3d11\libNeGfx_d3d11.vcxproj", "{81581BD5-43B4-44D8-ABE9-DF5DD6D56CD7}"
EndProject
Project("{8BC9CEB8-8B4A-11D0-8D11-00A0C91BC942}") = "libNePerf", "..\Src\Nemesis\Perf\libNePerf.vcxproj", "{11D5BF3C-DC00-466B-ACBB-DF78F000E613}"
EndProject
Project("{8BC9CEB8-8B4A-11D0-8D11-00A0C91BC942}") = "appGuiDock", "..\Src\App\appGuiDock\appGuiDock.vcxproj", "{D553D959-C50F-42D4-A6D5-B5A8A0E5C86C}"
	ProjectSection(ProjectDependencies) = postProject
		{11D5BF3C-DC00-466B-ACBB-DF78F000E613} = {11D5BF3C-DC00-466B-ACBB-DF78F000E613}
		{1621988A-38A8-477F-BAE3-612307B85482} = {1621988A-38A8-477F-BAE3-612307B85482}
		{1C4B55BF-A562-4460-A9D6-3D801E8D9B09} = {1C4B55BF-A562-4460-A9D6-3D801E8D9B09}
		{81581BD5-43B4-44D8-ABE9-DF5DD6D56CD7} = {81581BD5-43B4-44D8-ABE9-DF5DD6D56CD7}
		{B73783ED-48C4-4F71-9764-88FA4BEA3344} = {B73783ED-48C4-4F71-9764-88FA4BEA3344}
		{ED622B7B-DCEE-45D5-88B6-BDA50F1DF984} = {ED622B7B-DCEE-45D5-88B6-BDA50F1DF984}
	EndProjectSection
EndProject
Project("{8BC9CEB8-8B4A-11D0-8D11-00A0C91BC942}") = "libNeGuiDock", "..\Src\Nemesis\GuiDock\libNeGuiDock.vcxproj", "{B73783ED-48C4-4F71-9764-88FA4BEA3344}"
EndProject
Project("{2150E333-8FDC-42A3-9474-1A3956D46DE8}") = "Batch", "Batch", "{580F5F5E-F04C-4BB4-8262-863977902669}"
	ProjectSection(SolutionItems) = preProject
		..\..\build.bat = ..\..\build.bat
		..\..\build_vs2017.bat = ..\..\build_vs2017.bat
		..\..\build_vs2019.bat = ..\..\build_vs2019.bat
		..\..\build_vs2022.bat = ..\..\build_vs2022.bat
		..\..\clean.bat = ..\..\clean.bat
	EndProjectSection
EndProject
Project("{8BC9CEB8-8B4A-11D0-8D11-00A0C91BC942}") = "appProViz2", "..\Src\App\appProViz2\appProViz2.vcxproj", "{5F46D707-4F9B-48FC-B559-AF56D1A3704B}"
	ProjectSection(ProjectDependencies) = postProject
		{11D5BF3C-DC00-466B-ACBB-DF78F000E613} = {11D5BF3C-DC00-466B-ACBB-DF78F000E613}
		{1621988A-38A8-477F-BAE3-612307B85482} = {1621988A-38A8-477F-BAE3-612307B85482}
		{1C4B55BF-A562-4460-A9D6-3D801E8D9B09} = {1C4B55BF-A562-4460-A9D6-3D801E8D9B09}
		{81581BD5-43B4-44D8-ABE9-DF5DD6D56CD7} = {81581BD5-43B4-44D8-ABE9-DF5DD6D56CD7}
		{B73783ED-48C4-4F71-9764-88FA4BEA3344} = {B73783ED-48C4-4F71-9764-88FA4BEA3344}
		{ED622B7B-DCEE-45D5-88B6-BDA50F1DF984} = {ED622B7B-DCEE-45D5-88B6-BDA50F1DF984}
	EndProjectSection
EndProject
Global
	GlobalSection(SolutionConfigurationPlatforms) = preSolution
		Debug|x64 = Debug|x64
		Master|x64 = Master|x64
		Release|x64 = Release|x64
	EndGlobalSection
	GlobalSection(ProjectConfigurationPlatforms) = postSolution
		{1C4B55BF-A562-4460-A9D6-3D801E8D9B09}.Debug|x64.ActiveCfg = Debug|x64
		{1C4B55BF-A562-4460-A9D6-3D801E8D9B09}.Debug|x64.Build.0 = Debug|x64
		{1C4B55BF-A562-4460-A9D6-3D801E8D9B09}.Master|x64.ActiveCfg = Master|x64
		{1C4B55BF-A562-4460-A9D6-3D801E8D9B09}.Master|x64.Build.0 = Master|x64
		{1C4B55BF-A562-4460-A9D6-3D801E8D9B09}.Release|x64.ActiveCfg = Release|x64
		{1C4B55BF-A562-4460-A9D6-3D801E8D9B09}.Release|x64.Build.0 = Release|x64
		{1621988A-38A8-477F-BAE3-612307B85482}.Debug|x64.ActiveCfg = Debug|x64
		{1621988A-38A8-477F-BAE3-612307B85482}.Debug|x64.Build.0 = Debug|x64
		{1621988A-38A8-477F-BAE3-612307B85482}.Master|x64.ActiveCfg = Master|x64
		{1621988A-38A8-477F-BAE3-612307B85482}.Master|x64.Build.0 = Master|x64
		{1621988A-38A8-477F-BAE3-612307B85482}.Release|x64.ActiveCfg = Release|x64
		{1621988A-38A8-477F-BAE3-612307B85482}.Release|x64.Build.0 = Release|x64
		{ED622B7B-DCEE-45D5-88B6-BDA50F1DF984}.Debug|x64.ActiveCfg = Debug|x64
		{ED622B7B-DCEE-45D5-88B6-BDA50F1DF984}.Debug|x64.Build.0 = Debug|x64
		{ED622B7B-DCEE-45D5-88B6-BDA50F1DF984}.Master|x64.ActiveCfg = Master|x64
		{ED622B7B-DCEE-45D5-88B6-BDA50F1DF984}.Master|x64.Build.0 = Master|x64
		{ED622B7B-DCEE-45D5-88B6-BDA50F1DF984}.Release|x64.ActiveCfg = Release|x64
		{ED622B7B-DCEE-45D5-88B6-BDA50F1DF984}.Release|x64.Build.0 = Release|x64
		{02DFF0FB-365F-42DC-85CB-60F7C90A6666}.Debug|x64.ActiveCfg = Debug|x64
		{02DFF0FB-365F-42DC-85CB-60F7C90A6666}.Debug|x64.Build.0 = Debug|x64
		{02DFF0FB-365F-42DC-85CB-60F7C90A6666}.Master|x64.ActiveCfg = Master|x64
		{02DFF0FB-365F-42DC-85CB-60F7C90A6666}.Master|x64.Build.0 = Master|x64
		{02DFF0FB-365F-42DC-85CB-60F7C90A6666}.Release|x64.ActiveCfg = Release|x64
		{02DFF0FB-365F-42DC-85CB-60F7C90A6666}.Release|x64.Build.0 = Release|x64
		{D3F20958-267A-4238-AE0E-48D2DC9A321D}.Debug|x64.ActiveCfg = Debug|x64
		{D3F20958-267A-4238-AE0E-48D2DC9A321D}.Debug|x64.Build.0 = Debug|x64
		{D3F20958-267A-4238-AE0E-48D2DC9A321D}.Master|x64.ActiveCfg = Master|x64
		{D3F20958-267A-4238-AE0E-48D2DC9A321D}.Master|x64.Build.0 = Master|x64
		{D3F20958-267A-4238-AE0E-48D2DC9A321D}.Release|x64.ActiveCfg = Release|x64
		{D3F20958-267A-4238-AE0E-48D2DC9A321D}.Release|x64.Build.0 = Release|x64
		{81581BD5-43B4-44D8-ABE9-DF5DD6D56CD7}.Debug|x64.ActiveCfg = Debug|x64
		{81581BD5-43B4-44D8-ABE9-DF5DD6D56CD7}.Debug|x64.Build.0 = Debug|x64
		{81581BD5-43B4-44D8-ABE9-DF5DD6D56CD7}.Master|x64.ActiveCfg = Master|x64
		{81581BD5-43B4-44D8-ABE9-DF5DD6D56CD7}.Master|x64.Build.0 = Master|x64
		{81581BD5-43B4-44D8-ABE9-DF5DD6D56CD7}.Release|x64.ActiveCfg = Release|x64
		{81581BD5-43B4-44D8-ABE9-DF5DD6D56CD7}.Release|x64.Build.0 = Release|x64
		{11D5BF3C-DC00-466B-ACBB-DF78F000E613}.Debug|x64.ActiveCfg = Debug|x64
		{11D5BF3C-DC00-466B-ACBB-DF78F000E613}.Debug|x64.Build.0 = Debug|x64
		{11D5BF3C-DC00-466B-ACBB-DF78F000E613}.Master|x64.ActiveCfg = Master|x64
		{11D5BF3C-DC00-466B-ACBB-DF78F000E613}.Master|x64.Build.0 = Master|x64
		{11D5BF3C-DC00-466B-ACBB-DF78F000E613}.Release|x64.ActiveCfg = Release|x64
		{11D5BF3C-DC00-466B-ACBB-DF78F000E613}.Release|x64.Build.0 = Release|x64
		{D553D959-C50F-42D4-A6D5-B5A8A0E5C86C}.Debug|x64.ActiveCfg = Debug|x64
		{D553D959-C50F-42D4-A6D5-B5A8A0E5C86C}.Debug|x64.Build.0 = Debug|x64
		{D553D959-C50F-42D4-A6D5-B5A8A0E5C86C}.Master|x64.ActiveCfg = Master|x64
		{D553D959-C50F-42D4-A6D5-B5A8A0E5C86C}.Master|x64.Build.0 = Master|x64
		{D553D959-C50F-42D4-A6D5-B5A8A0E5C86C}.Release|x64.ActiveCfg = Release|x64
		{D553D959-C50F-42D4-A6D5-B5A8A0E5C86C}.Release|x64.Build.0 = Release|x64
		{B73783ED-48C4-4F71-9764-88FA4BEA3344}.Debug|x64.ActiveCfg = Debug|x64
		{B73783ED-48C4-4F71-9764-88FA4BEA3344}.Debug|x64.Build.0 = Debug|x64
		{B73783ED-48C4-4F71-9764-88FA4BEA3344}.Master|x64.ActiveCfg = Master|x64
		{B73783ED-48C4-4F71-9764-88FA4BEA3344}.Master|x64.Build.0 = Master|x64
		{B73783ED-48C4-4F71-9764-88FA4BEA3344}.Release|x64.ActiveCfg = Release|x64
		{B73783ED-48C4-4F71-9764-88FA4BEA3344}.Release|x64.Build.0 = Release|x64
		{5F46D707-4F9B-48FC-B559-AF56D1A3704B}.Debug|x64.ActiveCfg = Debug|x64
		{5F46D707-4F9B-48FC-B559-AF56D1A3704B}.Debug|x64.Build.0 = Debug|x64
		{5F46D707-4F9B-48FC-B559-AF56D1A3704B}.Master|x64.ActiveCfg = Master|x64
		{5F46D707-4F9B-48FC-B559-AF56D1A3704B}.Master|x64.Build.0 = Master|x64
		{5F46D707-4F9B-48FC-B559-AF56D1A3704B}.Release|x64.ActiveCfg = Release|x64
		{5F46D707-4F9B-48FC-B559-AF56D1A3704B}.Release|x64.Build.0 = Release|x64
	EndGlobalSection
	GlobalSection(SolutionProperties) = preSolution
		HideSolutionNode = FALSE
	EndGlobalSection
	GlobalSection(ExtensibilityGlobals) = postSolution
		SolutionGuid = {9F1A1316-DCC3-408A-B3CD-F218909F9F59}
	EndGlobalSection
EndGlobal
