<?xml version="1.0" encoding="utf-8"?>
<Project ToolsVersion="4.0" xmlns="http://schemas.microsoft.com/developer/msbuild/2003">
  <ItemGroup>
    <ResourceCompile Include="app.rc">
      <Filter>Resource Files</Filter>
    </ResourceCompile>
    <ResourceCompile Include="appProViz.rc">
      <Filter>Resource Files</Filter>
    </ResourceCompile>
    <ResourceCompile Include="fx.rc">
      <Filter>Resource Files</Filter>
    </ResourceCompile>
  </ItemGroup>
  <ItemGroup>
    <None Include="_Changelog.txt" />
    <None Include="appProViz.ico">
      <Filter>Resource Files</Filter>
    </None>
    <None Include="sprite.fx">
      <Filter>Resource Files</Filter>
    </None>
  </ItemGroup>
  <ItemGroup>
    <Filter Include="Resource Files">
      <UniqueIdentifier>{2114695a-e711-4e77-ace8-19290195a966}</UniqueIdentifier>
      <Extensions>rc;ico;cur;bmp;dlg;rc2;rct;bin;rgs;gif;jpg;jpeg;jpe;resx;tiff;tif;png;wav;mfcribbon-ms</Extensions>
    </Filter>
    <Filter Include="Header Files">
      <UniqueIdentifier>{47dc9a1e-b4e7-49ea-925d-ac8802841590}</UniqueIdentifier>
      <Extensions>h;hpp;hxx;hm;inl;inc;xsd</Extensions>
    </Filter>
    <Filter Include="Source Files">
      <UniqueIdentifier>{b33f4fa1-a56b-4cff-9f42-489695ad4745}</UniqueIdentifier>
      <Extensions>cpp;c;cc;cxx;def;odl;idl;hpj;bat;asm;asmx</Extensions>
    </Filter>
  </ItemGroup>
  <ItemGroup>
    <ClInclude Include="stdafx.h" />
    <ClInclude Include="graphics_ui_profiler_panels.h">
      <Filter>Header Files</Filter>
    </ClInclude>
    <ClInclude Include="graphics_ui_profiler_views.h">
      <Filter>Header Files</Filter>
    </ClInclude>
    <ClInclude Include="main.h">
      <Filter>Header Files</Filter>
    </ClInclude>
    <ClInclude Include="my_app.h">
      <Filter>Header Files</Filter>
    </ClInclude>
    <ClInclude Include="profiling_viz.h">
      <Filter>Header Files</Filter>
    </ClInclude>
    <ClInclude Include="profiling_viz_view.h">
      <Filter>Header Files</Filter>
    </ClInclude>
    <ClInclude Include="profiling_viz_view_main.h">
      <Filter>Header Files</Filter>
    </ClInclude>
    <ClInclude Include="resource.h">
      <Filter>Header Files</Filter>
    </ClInclude>
    <ClInclude Include="utilities.h">
      <Filter>Header Files</Filter>
    </ClInclude>
    <ClInclude Include="framework\app.h">
      <Filter>Header Files</Filter>
    </ClInclude>
    <ClInclude Include="framework\framework.h">
      <Filter>Header Files</Filter>
    </ClInclude>
    <ClInclude Include="profiling.ui\profiling_controls.h">
      <Filter>Header Files</Filter>
    </ClInclude>
    <ClInclude Include="profiling.ui\profiling_ui.h">
      <Filter>Header Files</Filter>
    </ClInclude>
    <ClInclude Include="profiling.ui\profiling_view.h">
      <Filter>Header Files</Filter>
    </ClInclude>
    <ClInclude Include="ui\ui.h">
      <Filter>Header Files</Filter>
    </ClInclude>
    <ClInclude Include="ui\ui_controls.h">
      <Filter>Header Files</Filter>
    </ClInclude>
    <ClInclude Include="ui\ui_primitives.h">
      <Filter>Header Files</Filter>
    </ClInclude>
    <ClInclude Include="ui\ui_system.h">
      <Filter>Header Files</Filter>
    </ClInclude>
    <ClInclude Include="ui\ui_types.h">
      <Filter>Header Files</Filter>
    </ClInclude>
  </ItemGroup>
  <ItemGroup>
    <ClCompile Include="stdafx.cpp" />
    <ClCompile Include="graphics_ui_profiler_panels.cpp">
      <Filter>Source Files</Filter>
    </ClCompile>
    <ClCompile Include="graphics_ui_profiler_views.cpp">
      <Filter>Source Files</Filter>
    </ClCompile>
    <ClCompile Include="main.cpp">
      <Filter>Source Files</Filter>
    </ClCompile>
    <ClCompile Include="my_app.cpp">
      <Filter>Source Files</Filter>
    </ClCompile>
    <ClCompile Include="profiling_viz.cpp">
      <Filter>Source Files</Filter>
    </ClCompile>
    <ClCompile Include="profiling_viz_view.cpp">
      <Filter>Source Files</Filter>
    </ClCompile>
    <ClCompile Include="profiling_viz_view_main.cpp">
      <Filter>Source Files</Filter>
    </ClCompile>
    <ClCompile Include="utilities.cpp">
      <Filter>Source Files</Filter>
    </ClCompile>
    <ClCompile Include="framework\app.cpp">
      <Filter>Source Files</Filter>
    </ClCompile>
    <ClCompile Include="profiling.ui\profiling_controls.cpp">
      <Filter>Source Files</Filter>
    </ClCompile>
    <ClCompile Include="profiling.ui\profiling_view.cpp">
      <Filter>Source Files</Filter>
    </ClCompile>
    <ClCompile Include="ui\ui_controls.cpp">
      <Filter>Source Files</Filter>
    </ClCompile>
    <ClCompile Include="ui\ui_primitives.cpp">
      <Filter>Source Files</Filter>
    </ClCompile>
    <ClCompile Include="ui\ui_system.cpp">
      <Filter>Source Files</Filter>
    </ClCompile>
  </ItemGroup>
</Project>